
Microsoft Visual Studio Solution File, Format Version 12.00
# Visual Studio Version 17
VisualStudioVersion = 17.10.34916.146
MinimumVisualStudioVersion = 10.0.40219.1
Project("{9A19103F-16F7-4668-BE54-9A1E7A4F7556}") = "Business", "Business\Business.csproj", "{980BD925-5030-4E8E-8052-90111745C3F5}"
EndProject
Project("{9A19103F-16F7-4668-BE54-9A1E7A4F7556}") = "DocumentManagementSystem.Tests", "DocumentManagementSystem.Tests\DocumentManagementSystem.Tests.csproj", "{6CA39969-42FF-4001-A848-4FA94B638341}"
EndProject
Project("{E53339B2-1760-4266-BCC7-CA923CBCF16C}") = "docker-compose", "docker-compose.dcproj", "{3D9113C6-4B91-4904-87B2-760D382A54F0}"
EndProject
Project("{9A19103F-16F7-4668-BE54-9A1E7A4F7556}") = "Web", "Web\Web.csproj", "{9070356A-B9C0-46CF-B4A4-5452B656E75F}"
EndProject
Project("{9A19103F-16F7-4668-BE54-9A1E7A4F7556}") = "Persistence", "Persistence\Persistence.csproj", "{48EEA6F1-F471-44AD-BAC2-525519C03446}"
EndProject
Global
	GlobalSection(SolutionConfigurationPlatforms) = preSolution
		Debug|Any CPU = Debug|Any CPU
		Release|Any CPU = Release|Any CPU
	EndGlobalSection
	GlobalSection(ProjectConfigurationPlatforms) = postSolution
		{980BD925-5030-4E8E-8052-90111745C3F5}.Debug|Any CPU.ActiveCfg = Debug|Any CPU
		{980BD925-5030-4E8E-8052-90111745C3F5}.Debug|Any CPU.Build.0 = Debug|Any CPU
		{980BD925-5030-4E8E-8052-90111745C3F5}.Release|Any CPU.ActiveCfg = Release|Any CPU
		{980BD925-5030-4E8E-8052-90111745C3F5}.Release|Any CPU.Build.0 = Release|Any CPU
		{6CA39969-42FF-4001-A848-4FA94B638341}.Debug|Any CPU.ActiveCfg = Debug|Any CPU
		{6CA39969-42FF-4001-A848-4FA94B638341}.Debug|Any CPU.Build.0 = Debug|Any CPU
		{6CA39969-42FF-4001-A848-4FA94B638341}.Release|Any CPU.ActiveCfg = Release|Any CPU
		{6CA39969-42FF-4001-A848-4FA94B638341}.Release|Any CPU.Build.0 = Release|Any CPU
		{3D9113C6-4B91-4904-87B2-760D382A54F0}.Debug|Any CPU.ActiveCfg = Debug|Any CPU
		{3D9113C6-4B91-4904-87B2-760D382A54F0}.Debug|Any CPU.Build.0 = Debug|Any CPU
		{3D9113C6-4B91-4904-87B2-760D382A54F0}.Release|Any CPU.ActiveCfg = Release|Any CPU
		{3D9113C6-4B91-4904-87B2-760D382A54F0}.Release|Any CPU.Build.0 = Release|Any CPU
		{9070356A-B9C0-46CF-B4A4-5452B656E75F}.Debug|Any CPU.ActiveCfg = Debug|Any CPU
		{9070356A-B9C0-46CF-B4A4-5452B656E75F}.Debug|Any CPU.Build.0 = Debug|Any CPU
		{9070356A-B9C0-46CF-B4A4-5452B656E75F}.Release|Any CPU.ActiveCfg = Release|Any CPU
		{9070356A-B9C0-46CF-B4A4-5452B656E75F}.Release|Any CPU.Build.0 = Release|Any CPU
		{48EEA6F1-F471-44AD-BAC2-525519C03446}.Debug|Any CPU.ActiveCfg = Debug|Any CPU
		{48EEA6F1-F471-44AD-BAC2-525519C03446}.Debug|Any CPU.Build.0 = Debug|Any CPU
		{48EEA6F1-F471-44AD-BAC2-525519C03446}.Release|Any CPU.ActiveCfg = Release|Any CPU
		{48EEA6F1-F471-44AD-BAC2-525519C03446}.Release|Any CPU.Build.0 = Release|Any CPU
	EndGlobalSection
	GlobalSection(SolutionProperties) = preSolution
		HideSolutionNode = FALSE
	EndGlobalSection
	GlobalSection(ExtensibilityGlobals) = postSolution
		SolutionGuid = {0131DB38-5ACF-45FF-985C-26B4428C47F6}
	EndGlobalSection
EndGlobal
